
Microsoft Visual Studio Solution File, Format Version 12.00
# Visual Studio Version 16
VisualStudioVersion = 16.0.29806.167
MinimumVisualStudioVersion = 10.0.40219.1
Project("{9A19103F-16F7-4668-BE54-9A1E7A4F7556}") = "Shuffler", "Shuffler\Shuffler.csproj", "{745D2DEA-7317-437E-9C63-8C77CF7691AA}"
EndProject
Project("{9A19103F-16F7-4668-BE54-9A1E7A4F7556}") = "Shuffler.Business", "Shuffler.Business\Shuffler.Business.csproj", "{2D2EE4EE-9DA4-4EFA-BEAF-C9134289CB52}"
EndProject
Project("{9A19103F-16F7-4668-BE54-9A1E7A4F7556}") = "Shuffler.Common", "Shuffler.Common\Shuffler.Common.csproj", "{5C53F5AB-24E7-4E74-A677-8D7990D1EB71}"
EndProject
Project("{9A19103F-16F7-4668-BE54-9A1E7A4F7556}") = "Shuffler.Business.Tests", "Shuffler.Business.Tests\Shuffler.Business.Tests.csproj", "{8A1325C7-6234-4820-A3AE-6414481941FE}"
EndProject
Global
	GlobalSection(SolutionConfigurationPlatforms) = preSolution
		Debug|Any CPU = Debug|Any CPU
		Release|Any CPU = Release|Any CPU
	EndGlobalSection
	GlobalSection(ProjectConfigurationPlatforms) = postSolution
		{745D2DEA-7317-437E-9C63-8C77CF7691AA}.Debug|Any CPU.ActiveCfg = Debug|Any CPU
		{745D2DEA-7317-437E-9C63-8C77CF7691AA}.Debug|Any CPU.Build.0 = Debug|Any CPU
		{745D2DEA-7317-437E-9C63-8C77CF7691AA}.Release|Any CPU.ActiveCfg = Release|Any CPU
		{745D2DEA-7317-437E-9C63-8C77CF7691AA}.Release|Any CPU.Build.0 = Release|Any CPU
		{2D2EE4EE-9DA4-4EFA-BEAF-C9134289CB52}.Debug|Any CPU.ActiveCfg = Debug|Any CPU
		{2D2EE4EE-9DA4-4EFA-BEAF-C9134289CB52}.Debug|Any CPU.Build.0 = Debug|Any CPU
		{2D2EE4EE-9DA4-4EFA-BEAF-C9134289CB52}.Release|Any CPU.ActiveCfg = Release|Any CPU
		{2D2EE4EE-9DA4-4EFA-BEAF-C9134289CB52}.Release|Any CPU.Build.0 = Release|Any CPU
		{5C53F5AB-24E7-4E74-A677-8D7990D1EB71}.Debug|Any CPU.ActiveCfg = Debug|Any CPU
		{5C53F5AB-24E7-4E74-A677-8D7990D1EB71}.Debug|Any CPU.Build.0 = Debug|Any CPU
		{5C53F5AB-24E7-4E74-A677-8D7990D1EB71}.Release|Any CPU.ActiveCfg = Release|Any CPU
		{5C53F5AB-24E7-4E74-A677-8D7990D1EB71}.Release|Any CPU.Build.0 = Release|Any CPU
		{8A1325C7-6234-4820-A3AE-6414481941FE}.Debug|Any CPU.ActiveCfg = Debug|Any CPU
		{8A1325C7-6234-4820-A3AE-6414481941FE}.Debug|Any CPU.Build.0 = Debug|Any CPU
		{8A1325C7-6234-4820-A3AE-6414481941FE}.Release|Any CPU.ActiveCfg = Release|Any CPU
		{8A1325C7-6234-4820-A3AE-6414481941FE}.Release|Any CPU.Build.0 = Release|Any CPU
	EndGlobalSection
	GlobalSection(SolutionProperties) = preSolution
		HideSolutionNode = FALSE
	EndGlobalSection
	GlobalSection(ExtensibilityGlobals) = postSolution
		SolutionGuid = {38F81CE5-547C-45ED-AE37-EB15D5C158A4}
	EndGlobalSection
EndGlobal
